
Microsoft Visual Studio Solution File, Format Version 12.00
# Visual Studio Version 16
VisualStudioVersion = 16.0.31313.79
MinimumVisualStudioVersion = 10.0.40219.1
Project("{9A19103F-16F7-4668-BE54-9A1E7A4F7556}") = "SequenceBreakGray", "SequenceBreakGray.csproj", "{56D02AB9-87AC-4963-903A-95D3083D5538}"
EndProject
Global
	GlobalSection(SolutionConfigurationPlatforms) = preSolution
		Debug|Any CPU = Debug|Any CPU
		Release|Any CPU = Release|Any CPU
	EndGlobalSection
	GlobalSection(ProjectConfigurationPlatforms) = postSolution
		{56D02AB9-87AC-4963-903A-95D3083D5538}.Debug|Any CPU.ActiveCfg = Debug|Any CPU
		{56D02AB9-87AC-4963-903A-95D3083D5538}.Debug|Any CPU.Build.0 = Debug|Any CPU
		{56D02AB9-87AC-4963-903A-95D3083D5538}.Release|Any CPU.ActiveCfg = Release|Any CPU
		{56D02AB9-87AC-4963-903A-95D3083D5538}.Release|Any CPU.Build.0 = Release|Any CPU
	EndGlobalSection
	GlobalSection(SolutionProperties) = preSolution
		HideSolutionNode = FALSE
	EndGlobalSection
	GlobalSection(ExtensibilityGlobals) = postSolution
		SolutionGuid = {7E1E0208-F79F-48BB-B154-6213AF7F7D69}
	EndGlobalSection
EndGlobal
